// !$*UTF8*$!
{
	archiveVersion = 1;
	classes = {
	};
	objectVersion = 55;
	objects = {

/* Begin PBXBuildFile section */
		341DAECF288DA6EC00BEC0FB /* SquaredMatrix.swift in Sources */ = {isa = PBXBuildFile; fileRef = 341DAECE288DA6EC00BEC0FB /* SquaredMatrix.swift */; };
		341DAED1288DB32700BEC0FB /* MakabreViewController.swift in Sources */ = {isa = PBXBuildFile; fileRef = 341DAED0288DB32700BEC0FB /* MakabreViewController.swift */; };
		34547D3C2871DF68003531B4 /* AppDelegate.swift in Sources */ = {isa = PBXBuildFile; fileRef = 34547D3B2871DF68003531B4 /* AppDelegate.swift */; };
		34547D3E2871DF68003531B4 /* SceneDelegate.swift in Sources */ = {isa = PBXBuildFile; fileRef = 34547D3D2871DF68003531B4 /* SceneDelegate.swift */; };
		34547D402871DF68003531B4 /* ViewController.swift in Sources */ = {isa = PBXBuildFile; fileRef = 34547D3F2871DF68003531B4 /* ViewController.swift */; };
		34547D452871DF6D003531B4 /* Assets.xcassets in Resources */ = {isa = PBXBuildFile; fileRef = 34547D442871DF6D003531B4 /* Assets.xcassets */; };
		34547D482871DF6D003531B4 /* LaunchScreen.storyboard in Resources */ = {isa = PBXBuildFile; fileRef = 34547D462871DF6D003531B4 /* LaunchScreen.storyboard */; };
		3481375D2892E2BB0091233E /* CellData.swift in Sources */ = {isa = PBXBuildFile; fileRef = 3481375C2892E2BB0091233E /* CellData.swift */; };
		3484046F287F1EF6005CAF8B /* bomb.png in Resources */ = {isa = PBXBuildFile; fileRef = 34840469287F1EF5005CAF8B /* bomb.png */; };
		34A070D128733E4C00081DEB /* SquareCell.swift in Sources */ = {isa = PBXBuildFile; fileRef = 34A070D028733E4C00081DEB /* SquareCell.swift */; };
		34E97D54288C0A3A00A7243B /* 6.png in Resources */ = {isa = PBXBuildFile; fileRef = 34E97D4B288C0A3A00A7243B /* 6.png */; };
		34E97D55288C0A3A00A7243B /* 1.png in Resources */ = {isa = PBXBuildFile; fileRef = 34E97D4C288C0A3A00A7243B /* 1.png */; };
		34E97D56288C0A3A00A7243B /* 3.png in Resources */ = {isa = PBXBuildFile; fileRef = 34E97D4D288C0A3A00A7243B /* 3.png */; };
		34E97D57288C0A3A00A7243B /* 4.png in Resources */ = {isa = PBXBuildFile; fileRef = 34E97D4E288C0A3A00A7243B /* 4.png */; };
		34E97D58288C0A3A00A7243B /* 2.png in Resources */ = {isa = PBXBuildFile; fileRef = 34E97D4F288C0A3A00A7243B /* 2.png */; };
		34E97D59288C0A3A00A7243B /* 8.png in Resources */ = {isa = PBXBuildFile; fileRef = 34E97D50288C0A3A00A7243B /* 8.png */; };
		34E97D5B288C0A3A00A7243B /* 5.png in Resources */ = {isa = PBXBuildFile; fileRef = 34E97D52288C0A3A00A7243B /* 5.png */; };
		34E97D5C288C0A3A00A7243B /* 7.png in Resources */ = {isa = PBXBuildFile; fileRef = 34E97D53288C0A3A00A7243B /* 7.png */; };
		34E97D61288C0B0200A7243B /* 0.png in Resources */ = {isa = PBXBuildFile; fileRef = 34E97D60288C0B0200A7243B /* 0.png */; };
/* End PBXBuildFile section */

/* Begin PBXFileReference section */
		341DAECE288DA6EC00BEC0FB /* SquaredMatrix.swift */ = {isa = PBXFileReference; lastKnownFileType = sourcecode.swift; path = SquaredMatrix.swift; sourceTree = "<group>"; };
		341DAED0288DB32700BEC0FB /* MakabreViewController.swift */ = {isa = PBXFileReference; lastKnownFileType = sourcecode.swift; path = MakabreViewController.swift; sourceTree = "<group>"; };
		34547D382871DF68003531B4 /* Minesweeper.app */ = {isa = PBXFileReference; explicitFileType = wrapper.application; includeInIndex = 0; path = Minesweeper.app; sourceTree = BUILT_PRODUCTS_DIR; };
		34547D3B2871DF68003531B4 /* AppDelegate.swift */ = {isa = PBXFileReference; lastKnownFileType = sourcecode.swift; path = AppDelegate.swift; sourceTree = "<group>"; };
		34547D3D2871DF68003531B4 /* SceneDelegate.swift */ = {isa = PBXFileReference; lastKnownFileType = sourcecode.swift; path = SceneDelegate.swift; sourceTree = "<group>"; };
		34547D3F2871DF68003531B4 /* ViewController.swift */ = {isa = PBXFileReference; lastKnownFileType = sourcecode.swift; path = ViewController.swift; sourceTree = "<group>"; };
		34547D442871DF6D003531B4 /* Assets.xcassets */ = {isa = PBXFileReference; lastKnownFileType = folder.assetcatalog; path = Assets.xcassets; sourceTree = "<group>"; };
		34547D472871DF6D003531B4 /* Base */ = {isa = PBXFileReference; lastKnownFileType = file.storyboard; name = Base; path = Base.lproj/LaunchScreen.storyboard; sourceTree = "<group>"; };
		34547D492871DF6D003531B4 /* Info.plist */ = {isa = PBXFileReference; lastKnownFileType = text.plist.xml; path = Info.plist; sourceTree = "<group>"; };
		3481375C2892E2BB0091233E /* CellData.swift */ = {isa = PBXFileReference; lastKnownFileType = sourcecode.swift; path = CellData.swift; sourceTree = "<group>"; };
		34840469287F1EF5005CAF8B /* bomb.png */ = {isa = PBXFileReference; lastKnownFileType = image.png; path = bomb.png; sourceTree = "<group>"; };
		34A070D028733E4C00081DEB /* SquareCell.swift */ = {isa = PBXFileReference; lastKnownFileType = sourcecode.swift; path = SquareCell.swift; sourceTree = "<group>"; };
		34E97D4B288C0A3A00A7243B /* 6.png */ = {isa = PBXFileReference; lastKnownFileType = image.png; path = 6.png; sourceTree = "<group>"; };
		34E97D4C288C0A3A00A7243B /* 1.png */ = {isa = PBXFileReference; lastKnownFileType = image.png; path = 1.png; sourceTree = "<group>"; };
		34E97D4D288C0A3A00A7243B /* 3.png */ = {isa = PBXFileReference; lastKnownFileType = image.png; path = 3.png; sourceTree = "<group>"; };
		34E97D4E288C0A3A00A7243B /* 4.png */ = {isa = PBXFileReference; lastKnownFileType = image.png; path = 4.png; sourceTree = "<group>"; };
		34E97D4F288C0A3A00A7243B /* 2.png */ = {isa = PBXFileReference; lastKnownFileType = image.png; path = 2.png; sourceTree = "<group>"; };
		34E97D50288C0A3A00A7243B /* 8.png */ = {isa = PBXFileReference; lastKnownFileType = image.png; path = 8.png; sourceTree = "<group>"; };
		34E97D52288C0A3A00A7243B /* 5.png */ = {isa = PBXFileReference; lastKnownFileType = image.png; path = 5.png; sourceTree = "<group>"; };
		34E97D53288C0A3A00A7243B /* 7.png */ = {isa = PBXFileReference; lastKnownFileType = image.png; path = 7.png; sourceTree = "<group>"; };
		34E97D60288C0B0200A7243B /* 0.png */ = {isa = PBXFileReference; lastKnownFileType = image.png; name = 0.png; path = ../../Mine_Images/0.png; sourceTree = "<group>"; };
/* End PBXFileReference section */

/* Begin PBXFrameworksBuildPhase section */
		34547D352871DF68003531B4 /* Frameworks */ = {
			isa = PBXFrameworksBuildPhase;
			buildActionMask = 2147483647;
			files = (
			);
			runOnlyForDeploymentPostprocessing = 0;
		};
/* End PBXFrameworksBuildPhase section */

/* Begin PBXGroup section */
		34547D2F2871DF68003531B4 = {
			isa = PBXGroup;
			children = (
				34547D3A2871DF68003531B4 /* Minesweeper */,
				34547D392871DF68003531B4 /* Products */,
			);
			sourceTree = "<group>";
		};
		34547D392871DF68003531B4 /* Products */ = {
			isa = PBXGroup;
			children = (
				34547D382871DF68003531B4 /* Minesweeper.app */,
			);
			name = Products;
			sourceTree = "<group>";
		};
		34547D3A2871DF68003531B4 /* Minesweeper */ = {
			isa = PBXGroup;
			children = (
				34547D3B2871DF68003531B4 /* AppDelegate.swift */,
				34547D3D2871DF68003531B4 /* SceneDelegate.swift */,
				34547D3F2871DF68003531B4 /* ViewController.swift */,
				341DAED0288DB32700BEC0FB /* MakabreViewController.swift */,
				3481375C2892E2BB0091233E /* CellData.swift */,
				34A070D028733E4C00081DEB /* SquareCell.swift */,
				341DAECE288DA6EC00BEC0FB /* SquaredMatrix.swift */,
				34547D442871DF6D003531B4 /* Assets.xcassets */,
				34547D462871DF6D003531B4 /* LaunchScreen.storyboard */,
				34547D492871DF6D003531B4 /* Info.plist */,
				34840469287F1EF5005CAF8B /* bomb.png */,
				34E97D4C288C0A3A00A7243B /* 1.png */,
				34E97D4F288C0A3A00A7243B /* 2.png */,
				34E97D4D288C0A3A00A7243B /* 3.png */,
				34E97D4E288C0A3A00A7243B /* 4.png */,
				34E97D52288C0A3A00A7243B /* 5.png */,
				34E97D4B288C0A3A00A7243B /* 6.png */,
				34E97D53288C0A3A00A7243B /* 7.png */,
				34E97D50288C0A3A00A7243B /* 8.png */,
				34E97D60288C0B0200A7243B /* 0.png */,
			);
			path = Minesweeper;
			sourceTree = "<group>";
		};
/* End PBXGroup section */

/* Begin PBXNativeTarget section */
		34547D372871DF68003531B4 /* Minesweeper */ = {
			isa = PBXNativeTarget;
			buildConfigurationList = 34547D4C2871DF6D003531B4 /* Build configuration list for PBXNativeTarget "Minesweeper" */;
			buildPhases = (
				34547D342871DF68003531B4 /* Sources */,
				34547D352871DF68003531B4 /* Frameworks */,
				34547D362871DF68003531B4 /* Resources */,
			);
			buildRules = (
			);
			dependencies = (
			);
			name = Minesweeper;
			productName = Minesweeper;
			productReference = 34547D382871DF68003531B4 /* Minesweeper.app */;
			productType = "com.apple.product-type.application";
		};
/* End PBXNativeTarget section */

/* Begin PBXProject section */
		34547D302871DF68003531B4 /* Project object */ = {
			isa = PBXProject;
			attributes = {
				BuildIndependentTargetsInParallel = 1;
				LastSwiftUpdateCheck = 1340;
				LastUpgradeCheck = 1340;
				TargetAttributes = {
					34547D372871DF68003531B4 = {
						CreatedOnToolsVersion = 13.4.1;
					};
				};
			};
			buildConfigurationList = 34547D332871DF68003531B4 /* Build configuration list for PBXProject "Minesweeper" */;
			compatibilityVersion = "Xcode 13.0";
			developmentRegion = en;
			hasScannedForEncodings = 0;
			knownRegions = (
				en,
				Base,
			);
			mainGroup = 34547D2F2871DF68003531B4;
			productRefGroup = 34547D392871DF68003531B4 /* Products */;
			projectDirPath = "";
			projectRoot = "";
			targets = (
				34547D372871DF68003531B4 /* Minesweeper */,
			);
		};
/* End PBXProject section */

/* Begin PBXResourcesBuildPhase section */
		34547D362871DF68003531B4 /* Resources */ = {
			isa = PBXResourcesBuildPhase;
			buildActionMask = 2147483647;
			files = (
				34E97D61288C0B0200A7243B /* 0.png in Resources */,
				34E97D5B288C0A3A00A7243B /* 5.png in Resources */,
				34547D482871DF6D003531B4 /* LaunchScreen.storyboard in Resources */,
				34E97D57288C0A3A00A7243B /* 4.png in Resources */,
				34E97D5C288C0A3A00A7243B /* 7.png in Resources */,
				34E97D58288C0A3A00A7243B /* 2.png in Resources */,
				34547D452871DF6D003531B4 /* Assets.xcassets in Resources */,
				34E97D54288C0A3A00A7243B /* 6.png in Resources */,
				34E97D56288C0A3A00A7243B /* 3.png in Resources */,
				34E97D59288C0A3A00A7243B /* 8.png in Resources */,
				3484046F287F1EF6005CAF8B /* bomb.png in Resources */,
				34E97D55288C0A3A00A7243B /* 1.png in Resources */,
			);
			runOnlyForDeploymentPostprocessing = 0;
		};
/* End PBXResourcesBuildPhase section */

/* Begin PBXSourcesBuildPhase section */
		34547D342871DF68003531B4 /* Sources */ = {
			isa = PBXSourcesBuildPhase;
			buildActionMask = 2147483647;
			files = (
				34A070D128733E4C00081DEB /* SquareCell.swift in Sources */,
				341DAECF288DA6EC00BEC0FB /* SquaredMatrix.swift in Sources */,
				34547D402871DF68003531B4 /* ViewController.swift in Sources */,
				34547D3C2871DF68003531B4 /* AppDelegate.swift in Sources */,
				3481375D2892E2BB0091233E /* CellData.swift in Sources */,
				341DAED1288DB32700BEC0FB /* MakabreViewController.swift in Sources */,
				34547D3E2871DF68003531B4 /* SceneDelegate.swift in Sources */,
			);
			runOnlyForDeploymentPostprocessing = 0;
		};
/* End PBXSourcesBuildPhase section */

/* Begin PBXVariantGroup section */
		34547D462871DF6D003531B4 /* LaunchScreen.storyboard */ = {
			isa = PBXVariantGroup;
			children = (
				34547D472871DF6D003531B4 /* Base */,
			);
			name = LaunchScreen.storyboard;
			sourceTree = "<group>";
		};
/* End PBXVariantGroup section */

/* Begin XCBuildConfiguration section */
		34547D4A2871DF6D003531B4 /* Debug */ = {
			isa = XCBuildConfiguration;
			buildSettings = {
				ALWAYS_SEARCH_USER_PATHS = NO;
				CLANG_ANALYZER_NONNULL = YES;
				CLANG_ANALYZER_NUMBER_OBJECT_CONVERSION = YES_AGGRESSIVE;
				CLANG_CXX_LANGUAGE_STANDARD = "gnu++17";
				CLANG_ENABLE_MODULES = YES;
				CLANG_ENABLE_OBJC_ARC = YES;
				CLANG_ENABLE_OBJC_WEAK = YES;
				CLANG_WARN_BLOCK_CAPTURE_AUTORELEASING = YES;
				CLANG_WARN_BOOL_CONVERSION = YES;
				CLANG_WARN_COMMA = YES;
				CLANG_WARN_CONSTANT_CONVERSION = YES;
				CLANG_WARN_DEPRECATED_OBJC_IMPLEMENTATIONS = YES;
				CLANG_WARN_DIRECT_OBJC_ISA_USAGE = YES_ERROR;
				CLANG_WARN_DOCUMENTATION_COMMENTS = YES;
				CLANG_WARN_EMPTY_BODY = YES;
				CLANG_WARN_ENUM_CONVERSION = YES;
				CLANG_WARN_INFINITE_RECURSION = YES;
				CLANG_WARN_INT_CONVERSION = YES;
				CLANG_WARN_NON_LITERAL_NULL_CONVERSION = YES;
				CLANG_WARN_OBJC_IMPLICIT_RETAIN_SELF = YES;
				CLANG_WARN_OBJC_LITERAL_CONVERSION = YES;
				CLANG_WARN_OBJC_ROOT_CLASS = YES_ERROR;
				CLANG_WARN_QUOTED_INCLUDE_IN_FRAMEWORK_HEADER = YES;
				CLANG_WARN_RANGE_LOOP_ANALYSIS = YES;
				CLANG_WARN_STRICT_PROTOTYPES = YES;
				CLANG_WARN_SUSPICIOUS_MOVE = YES;
				CLANG_WARN_UNGUARDED_AVAILABILITY = YES_AGGRESSIVE;
				CLANG_WARN_UNREACHABLE_CODE = YES;
				CLANG_WARN__DUPLICATE_METHOD_MATCH = YES;
				COPY_PHASE_STRIP = NO;
				DEBUG_INFORMATION_FORMAT = dwarf;
				ENABLE_STRICT_OBJC_MSGSEND = YES;
				ENABLE_TESTABILITY = YES;
				GCC_C_LANGUAGE_STANDARD = gnu11;
				GCC_DYNAMIC_NO_PIC = NO;
				GCC_NO_COMMON_BLOCKS = YES;
				GCC_OPTIMIZATION_LEVEL = 0;
				GCC_PREPROCESSOR_DEFINITIONS = (
					"DEBUG=1",
					"$(inherited)",
				);
				GCC_WARN_64_TO_32_BIT_CONVERSION = YES;
				GCC_WARN_ABOUT_RETURN_TYPE = YES_ERROR;
				GCC_WARN_UNDECLARED_SELECTOR = YES;
				GCC_WARN_UNINITIALIZED_AUTOS = YES_AGGRESSIVE;
				GCC_WARN_UNUSED_FUNCTION = YES;
				GCC_WARN_UNUSED_VARIABLE = YES;
				IPHONEOS_DEPLOYMENT_TARGET = 15.5;
				MTL_ENABLE_DEBUG_INFO = INCLUDE_SOURCE;
				MTL_FAST_MATH = YES;
				ONLY_ACTIVE_ARCH = YES;
				SDKROOT = iphoneos;
				SWIFT_ACTIVE_COMPILATION_CONDITIONS = DEBUG;
				SWIFT_OPTIMIZATION_LEVEL = "-Onone";
			};
			name = Debug;
		};
		34547D4B2871DF6D003531B4 /* Release */ = {
			isa = XCBuildConfiguration;
			buildSettings = {
				ALWAYS_SEARCH_USER_PATHS = NO;
				CLANG_ANALYZER_NONNULL = YES;
				CLANG_ANALYZER_NUMBER_OBJECT_CONVERSION = YES_AGGRESSIVE;
				CLANG_CXX_LANGUAGE_STANDARD = "gnu++17";
				CLANG_ENABLE_MODULES = YES;
				CLANG_ENABLE_OBJC_ARC = YES;
				CLANG_ENABLE_OBJC_WEAK = YES;
				CLANG_WARN_BLOCK_CAPTURE_AUTORELEASING = YES;
				CLANG_WARN_BOOL_CONVERSION = YES;
				CLANG_WARN_COMMA = YES;
				CLANG_WARN_CONSTANT_CONVERSION = YES;
				CLANG_WARN_DEPRECATED_OBJC_IMPLEMENTATIONS = YES;
				CLANG_WARN_DIRECT_OBJC_ISA_USAGE = YES_ERROR;
				CLANG_WARN_DOCUMENTATION_COMMENTS = YES;
				CLANG_WARN_EMPTY_BODY = YES;
				CLANG_WARN_ENUM_CONVERSION = YES;
				CLANG_WARN_INFINITE_RECURSION = YES;
				CLANG_WARN_INT_CONVERSION = YES;
				CLANG_WARN_NON_LITERAL_NULL_CONVERSION = YES;
				CLANG_WARN_OBJC_IMPLICIT_RETAIN_SELF = YES;
				CLANG_WARN_OBJC_LITERAL_CONVERSION = YES;
				CLANG_WARN_OBJC_ROOT_CLASS = YES_ERROR;
				CLANG_WARN_QUOTED_INCLUDE_IN_FRAMEWORK_HEADER = YES;
				CLANG_WARN_RANGE_LOOP_ANALYSIS = YES;
				CLANG_WARN_STRICT_PROTOTYPES = YES;
				CLANG_WARN_SUSPICIOUS_MOVE = YES;
				CLANG_WARN_UNGUARDED_AVAILABILITY = YES_AGGRESSIVE;
				CLANG_WARN_UNREACHABLE_CODE = YES;
				CLANG_WARN__DUPLICATE_METHOD_MATCH = YES;
				COPY_PHASE_STRIP = NO;
				DEBUG_INFORMATION_FORMAT = "dwarf-with-dsym";
				ENABLE_NS_ASSERTIONS = NO;
				ENABLE_STRICT_OBJC_MSGSEND = YES;
				GCC_C_LANGUAGE_STANDARD = gnu11;
				GCC_NO_COMMON_BLOCKS = YES;
				GCC_WARN_64_TO_32_BIT_CONVERSION = YES;
				GCC_WARN_ABOUT_RETURN_TYPE = YES_ERROR;
				GCC_WARN_UNDECLARED_SELECTOR = YES;
				GCC_WARN_UNINITIALIZED_AUTOS = YES_AGGRESSIVE;
				GCC_WARN_UNUSED_FUNCTION = YES;
				GCC_WARN_UNUSED_VARIABLE = YES;
				IPHONEOS_DEPLOYMENT_TARGET = 15.5;
				MTL_ENABLE_DEBUG_INFO = NO;
				MTL_FAST_MATH = YES;
				SDKROOT = iphoneos;
				SWIFT_COMPILATION_MODE = wholemodule;
				SWIFT_OPTIMIZATION_LEVEL = "-O";
				VALIDATE_PRODUCT = YES;
			};
			name = Release;
		};
		34547D4D2871DF6D003531B4 /* Debug */ = {
			isa = XCBuildConfiguration;
			buildSettings = {
				ASSETCATALOG_COMPILER_APPICON_NAME = AppIcon;
				ASSETCATALOG_COMPILER_GLOBAL_ACCENT_COLOR_NAME = AccentColor;
				CODE_SIGN_STYLE = Automatic;
				CURRENT_PROJECT_VERSION = 1;
				GENERATE_INFOPLIST_FILE = YES;
				INFOPLIST_FILE = Minesweeper/Info.plist;
				INFOPLIST_KEY_UIApplicationSupportsIndirectInputEvents = YES;
				INFOPLIST_KEY_UILaunchStoryboardName = LaunchScreen;
				INFOPLIST_KEY_UISupportedInterfaceOrientations = UIInterfaceOrientationPortrait;
				INFOPLIST_KEY_UISupportedInterfaceOrientations_iPad = "UIInterfaceOrientationPortrait UIInterfaceOrientationPortraitUpsideDown UIInterfaceOrientationLandscapeLeft UIInterfaceOrientationLandscapeRight";
				INFOPLIST_KEY_UISupportedInterfaceOrientations_iPhone = "UIInterfaceOrientationPortrait UIInterfaceOrientationLandscapeLeft UIInterfaceOrientationLandscapeRight";
				LD_RUNPATH_SEARCH_PATHS = (
					"$(inherited)",
					"@executable_path/Frameworks",
				);
				MARKETING_VERSION = 1.0;
				PRODUCT_BUNDLE_IDENTIFIER = com.quarantasis.Minesweeper;
				PRODUCT_NAME = "$(TARGET_NAME)";
				SWIFT_EMIT_LOC_STRINGS = YES;
				SWIFT_VERSION = 5.0;
				TARGETED_DEVICE_FAMILY = 1;
			};
			name = Debug;
		};
		34547D4E2871DF6D003531B4 /* Release */ = {
			isa = XCBuildConfiguration;
			buildSettings = {
				ASSETCATALOG_COMPILER_APPICON_NAME = AppIcon;
				ASSETCATALOG_COMPILER_GLOBAL_ACCENT_COLOR_NAME = AccentColor;
				CODE_SIGN_STYLE = Automatic;
				CURRENT_PROJECT_VERSION = 1;
				GENERATE_INFOPLIST_FILE = YES;
				INFOPLIST_FILE = Minesweeper/Info.plist;
				INFOPLIST_KEY_UIApplicationSupportsIndirectInputEvents = YES;
				INFOPLIST_KEY_UILaunchStoryboardName = LaunchScreen;
				INFOPLIST_KEY_UISupportedInterfaceOrientations = UIInterfaceOrientationPortrait;
				INFOPLIST_KEY_UISupportedInterfaceOrientations_iPad = "UIInterfaceOrientationPortrait UIInterfaceOrientationPortraitUpsideDown UIInterfaceOrientationLandscapeLeft UIInterfaceOrientationLandscapeRight";
				INFOPLIST_KEY_UISupportedInterfaceOrientations_iPhone = "UIInterfaceOrientationPortrait UIInterfaceOrientationLandscapeLeft UIInterfaceOrientationLandscapeRight";
				LD_RUNPATH_SEARCH_PATHS = (
					"$(inherited)",
					"@executable_path/Frameworks",
				);
				MARKETING_VERSION = 1.0;
				PRODUCT_BUNDLE_IDENTIFIER = com.quarantasis.Minesweeper;
				PRODUCT_NAME = "$(TARGET_NAME)";
				SWIFT_EMIT_LOC_STRINGS = YES;
				SWIFT_VERSION = 5.0;
				TARGETED_DEVICE_FAMILY = 1;
			};
			name = Release;
		};
/* End XCBuildConfiguration section */

/* Begin XCConfigurationList section */
		34547D332871DF68003531B4 /* Build configuration list for PBXProject "Minesweeper" */ = {
			isa = XCConfigurationList;
			buildConfigurations = (
				34547D4A2871DF6D003531B4 /* Debug */,
				34547D4B2871DF6D003531B4 /* Release */,
			);
			defaultConfigurationIsVisible = 0;
			defaultConfigurationName = Release;
		};
		34547D4C2871DF6D003531B4 /* Build configuration list for PBXNativeTarget "Minesweeper" */ = {
			isa = XCConfigurationList;
			buildConfigurations = (
				34547D4D2871DF6D003531B4 /* Debug */,
				34547D4E2871DF6D003531B4 /* Release */,
			);
			defaultConfigurationIsVisible = 0;
			defaultConfigurationName = Release;
		};
/* End XCConfigurationList section */
	};
	rootObject = 34547D302871DF68003531B4 /* Project object */;
}
